
Microsoft Visual Studio Solution File, Format Version 12.00
# Visual Studio Version 16
VisualStudioVersion = 16.0.31205.134
MinimumVisualStudioVersion = 10.0.40219.1
Project("{FAE04EC0-301F-11D3-BF4B-00C04F79EFBC}") = "Adventure-Game", "Adventure-Game\Adventure-Game.csproj", "{D4503D24-AFB0-4D63-B325-F41368FDF480}"
EndProject
Global
	GlobalSection(SolutionConfigurationPlatforms) = preSolution
		Debug|Any CPU = Debug|Any CPU
		Release|Any CPU = Release|Any CPU
	EndGlobalSection
	GlobalSection(ProjectConfigurationPlatforms) = postSolution
		{D4503D24-AFB0-4D63-B325-F41368FDF480}.Debug|Any CPU.ActiveCfg = Debug|Any CPU
		{D4503D24-AFB0-4D63-B325-F41368FDF480}.Debug|Any CPU.Build.0 = Debug|Any CPU
		{D4503D24-AFB0-4D63-B325-F41368FDF480}.Release|Any CPU.ActiveCfg = Release|Any CPU
		{D4503D24-AFB0-4D63-B325-F41368FDF480}.Release|Any CPU.Build.0 = Release|Any CPU
	EndGlobalSection
	GlobalSection(SolutionProperties) = preSolution
		HideSolutionNode = FALSE
	EndGlobalSection
	GlobalSection(ExtensibilityGlobals) = postSolution
		SolutionGuid = {48C7F4A8-60AA-479C-BDD3-612142A008D8}
	EndGlobalSection
EndGlobal
